
Microsoft Visual Studio Solution File, Format Version 12.00
# Visual Studio Version 17
VisualStudioVersion = 17.2.32516.85
MinimumVisualStudioVersion = 10.0.40219.1
Project("{FAE04EC0-301F-11D3-BF4B-00C04F79EFBC}") = "PracticeOops", "PracticeOops\PracticeOops.csproj", "{8880D0C0-49A5-4899-81C5-78FF399867DD}"
EndProject
Global
	GlobalSection(SolutionConfigurationPlatforms) = preSolution
		Debug|Any CPU = Debug|Any CPU
		Release|Any CPU = Release|Any CPU
	EndGlobalSection
	GlobalSection(ProjectConfigurationPlatforms) = postSolution
		{8880D0C0-49A5-4899-81C5-78FF399867DD}.Debug|Any CPU.ActiveCfg = Debug|Any CPU
		{8880D0C0-49A5-4899-81C5-78FF399867DD}.Debug|Any CPU.Build.0 = Debug|Any CPU
		{8880D0C0-49A5-4899-81C5-78FF399867DD}.Release|Any CPU.ActiveCfg = Release|Any CPU
		{8880D0C0-49A5-4899-81C5-78FF399867DD}.Release|Any CPU.Build.0 = Release|Any CPU
	EndGlobalSection
	GlobalSection(SolutionProperties) = preSolution
		HideSolutionNode = FALSE
	EndGlobalSection
	GlobalSection(ExtensibilityGlobals) = postSolution
		SolutionGuid = {AC4AFD84-E5F4-4AEA-94C9-984B05E5EC28}
	EndGlobalSection
EndGlobal
